{
  "nodes": {
    "atom": {
      "locked": {
        "lastModified": 1740578955,
        "narHash": "sha256-cfQd23xSpKB7AIVNjoHRcKwR/h4lJY9Syi6Mu/NWX9Y=",
        "owner": "LiGoldragon",
        "repo": "atom",
        "rev": "e9b437bf60607fdfa27e49937561b9e1f8682863",
        "type": "github"
      },
      "original": {
        "owner": "LiGoldragon",
        "repo": "atom",
        "type": "github"
      }
    },
    "horizons-rs": {
      "flake": false,
      "locked": {
        "lastModified": 1741604929,
        "narHash": "sha256-WCEgolSdLOdYJWKdR63B+ohXrDtkvrgrrQP0pb/m/og=",
        "owner": "criome",
        "repo": "horizons-rs",
        "rev": "c1842a3e932ef3075cc919c6c0bfed69715d28b5",
        "type": "github"
      },
      "original": {
        "owner": "criome",
        "repo": "horizons-rs",
        "type": "github"
      }
    },
    "root": {
      "inputs": {
        "atom": "atom",
        "horizons-rs": "horizons-rs"
      }
    }
  },
  "root": "root",
  "version": 7
}
